// !$*UTF8*$!
{
	archiveVersion = 1;
	classes = {
	};
	objectVersion = 77;
	objects = {

/* Begin PBXContainerItemProxy section */
		F3C2E8CF2D31C6AB00B2CE93 /* PBXContainerItemProxy */ = {
			isa = PBXContainerItemProxy;
			containerPortal = F3C2E8B62D31C6A900B2CE93 /* Project object */;
			proxyType = 1;
			remoteGlobalIDString = F3C2E8BD2D31C6A900B2CE93;
			remoteInfo = Eatinerary;
		};
		F3C2E8D92D31C6AB00B2CE93 /* PBXContainerItemProxy */ = {
			isa = PBXContainerItemProxy;
			containerPortal = F3C2E8B62D31C6A900B2CE93 /* Project object */;
			proxyType = 1;
			remoteGlobalIDString = F3C2E8BD2D31C6A900B2CE93;
			remoteInfo = Eatinerary;
		};
/* End PBXContainerItemProxy section */

/* Begin PBXFileReference section */
		F3C2E8BE2D31C6A900B2CE93 /* Eatinerary.app */ = {isa = PBXFileReference; explicitFileType = wrapper.application; includeInIndex = 0; path = Eatinerary.app; sourceTree = BUILT_PRODUCTS_DIR; };
		F3C2E8CE2D31C6AB00B2CE93 /* EatineraryTests.xctest */ = {isa = PBXFileReference; explicitFileType = wrapper.cfbundle; includeInIndex = 0; path = EatineraryTests.xctest; sourceTree = BUILT_PRODUCTS_DIR; };
		F3C2E8D82D31C6AB00B2CE93 /* EatineraryUITests.xctest */ = {isa = PBXFileReference; explicitFileType = wrapper.cfbundle; includeInIndex = 0; path = EatineraryUITests.xctest; sourceTree = BUILT_PRODUCTS_DIR; };
/* End PBXFileReference section */

/* Begin PBXFileSystemSynchronizedBuildFileExceptionSet section */
		F3C2E9192D38A93000B2CE93 /* Exceptions for "Eatinerary" folder in "EatineraryTests" target */ = {
			isa = PBXFileSystemSynchronizedBuildFileExceptionSet;
			membershipExceptions = (
				Mocks/RecipeData.swift,
				Models/IngredientModel.swift,
				Models/RecipeModel.swift,
				Models/StepModel.swift,
				Views/DetailedView/Components/IngredientsListView.swift,
				Views/DetailedView/Components/StepsListView.swift,
				Views/DetailedView/DetailedRecipeView.swift,
			);
			target = F3C2E8CD2D31C6AB00B2CE93 /* EatineraryTests */;
		};
		F3C2E91A2D38A93000B2CE93 /* Exceptions for "Eatinerary" folder in "EatineraryUITests" target */ = {
			isa = PBXFileSystemSynchronizedBuildFileExceptionSet;
			membershipExceptions = (
				Mocks/RecipeData.swift,
				Models/IngredientModel.swift,
				Models/RecipeModel.swift,
				Models/StepModel.swift,
				Views/DetailedView/Components/IngredientsListView.swift,
				Views/DetailedView/Components/StepsListView.swift,
				Views/DetailedView/DetailedRecipeView.swift,
			);
			target = F3C2E8D72D31C6AB00B2CE93 /* EatineraryUITests */;
		};
/* End PBXFileSystemSynchronizedBuildFileExceptionSet section */

/* Begin PBXFileSystemSynchronizedRootGroup section */
		F3C2E8C02D31C6A900B2CE93 /* Eatinerary */ = {
			isa = PBXFileSystemSynchronizedRootGroup;
			exceptions = (
				F3C2E9192D38A93000B2CE93 /* Exceptions for "Eatinerary" folder in "EatineraryTests" target */,
				F3C2E91A2D38A93000B2CE93 /* Exceptions for "Eatinerary" folder in "EatineraryUITests" target */,
			);
			path = Eatinerary;
			sourceTree = "<group>";
		};
		F3C2E8D12D31C6AB00B2CE93 /* EatineraryTests */ = {
			isa = PBXFileSystemSynchronizedRootGroup;
			path = EatineraryTests;
			sourceTree = "<group>";
		};
		F3C2E8DB2D31C6AB00B2CE93 /* EatineraryUITests */ = {
			isa = PBXFileSystemSynchronizedRootGroup;
			path = EatineraryUITests;
			sourceTree = "<group>";
		};
/* End PBXFileSystemSynchronizedRootGroup section */

/* Begin PBXFrameworksBuildPhase section */
		F3C2E8BB2D31C6A900B2CE93 /* Frameworks */ = {
			isa = PBXFrameworksBuildPhase;
			buildActionMask = 2147483647;
			files = (
			);
			runOnlyForDeploymentPostprocessing = 0;
		};
		F3C2E8CB2D31C6AB00B2CE93 /* Frameworks */ = {
			isa = PBXFrameworksBuildPhase;
			buildActionMask = 2147483647;
			files = (
			);
			runOnlyForDeploymentPostprocessing = 0;
		};
		F3C2E8D52D31C6AB00B2CE93 /* Frameworks */ = {
			isa = PBXFrameworksBuildPhase;
			buildActionMask = 2147483647;
			files = (
			);
			runOnlyForDeploymentPostprocessing = 0;
		};
/* End PBXFrameworksBuildPhase section */

/* Begin PBXGroup section */
		F3C2E8B52D31C6A900B2CE93 = {
			isa = PBXGroup;
			children = (
				F3C2E8C02D31C6A900B2CE93 /* Eatinerary */,
				F3C2E8D12D31C6AB00B2CE93 /* EatineraryTests */,
				F3C2E8DB2D31C6AB00B2CE93 /* EatineraryUITests */,
				F3C2E8BF2D31C6A900B2CE93 /* Products */,
			);
			sourceTree = "<group>";
		};
		F3C2E8BF2D31C6A900B2CE93 /* Products */ = {
			isa = PBXGroup;
			children = (
				F3C2E8BE2D31C6A900B2CE93 /* Eatinerary.app */,
				F3C2E8CE2D31C6AB00B2CE93 /* EatineraryTests.xctest */,
				F3C2E8D82D31C6AB00B2CE93 /* EatineraryUITests.xctest */,
			);
			name = Products;
			sourceTree = "<group>";
		};
/* End PBXGroup section */

/* Begin PBXNativeTarget section */
		F3C2E8BD2D31C6A900B2CE93 /* Eatinerary */ = {
			isa = PBXNativeTarget;
			buildConfigurationList = F3C2E8E22D31C6AB00B2CE93 /* Build configuration list for PBXNativeTarget "Eatinerary" */;
			buildPhases = (
				F3C2E8BA2D31C6A900B2CE93 /* Sources */,
				F3C2E8BB2D31C6A900B2CE93 /* Frameworks */,
				F3C2E8BC2D31C6A900B2CE93 /* Resources */,
			);
			buildRules = (
			);
			dependencies = (
			);
			fileSystemSynchronizedGroups = (
				F3C2E8C02D31C6A900B2CE93 /* Eatinerary */,
			);
			name = Eatinerary;
			packageProductDependencies = (
			);
			productName = Eatinerary;
			productReference = F3C2E8BE2D31C6A900B2CE93 /* Eatinerary.app */;
			productType = "com.apple.product-type.application";
		};
		F3C2E8CD2D31C6AB00B2CE93 /* EatineraryTests */ = {
			isa = PBXNativeTarget;
			buildConfigurationList = F3C2E8E52D31C6AB00B2CE93 /* Build configuration list for PBXNativeTarget "EatineraryTests" */;
			buildPhases = (
				F3C2E8CA2D31C6AB00B2CE93 /* Sources */,
				F3C2E8CB2D31C6AB00B2CE93 /* Frameworks */,
				F3C2E8CC2D31C6AB00B2CE93 /* Resources */,
			);
			buildRules = (
			);
			dependencies = (
				F3C2E8D02D31C6AB00B2CE93 /* PBXTargetDependency */,
			);
			fileSystemSynchronizedGroups = (
				F3C2E8D12D31C6AB00B2CE93 /* EatineraryTests */,
			);
			name = EatineraryTests;
			packageProductDependencies = (
			);
			productName = EatineraryTests;
			productReference = F3C2E8CE2D31C6AB00B2CE93 /* EatineraryTests.xctest */;
			productType = "com.apple.product-type.bundle.unit-test";
		};
		F3C2E8D72D31C6AB00B2CE93 /* EatineraryUITests */ = {
			isa = PBXNativeTarget;
			buildConfigurationList = F3C2E8E82D31C6AB00B2CE93 /* Build configuration list for PBXNativeTarget "EatineraryUITests" */;
			buildPhases = (
				F3C2E8D42D31C6AB00B2CE93 /* Sources */,
				F3C2E8D52D31C6AB00B2CE93 /* Frameworks */,
				F3C2E8D62D31C6AB00B2CE93 /* Resources */,
			);
			buildRules = (
			);
			dependencies = (
				F3C2E8DA2D31C6AB00B2CE93 /* PBXTargetDependency */,
			);
			fileSystemSynchronizedGroups = (
				F3C2E8DB2D31C6AB00B2CE93 /* EatineraryUITests */,
			);
			name = EatineraryUITests;
			packageProductDependencies = (
			);
			productName = EatineraryUITests;
			productReference = F3C2E8D82D31C6AB00B2CE93 /* EatineraryUITests.xctest */;
			productType = "com.apple.product-type.bundle.ui-testing";
		};
/* End PBXNativeTarget section */

/* Begin PBXProject section */
		F3C2E8B62D31C6A900B2CE93 /* Project object */ = {
			isa = PBXProject;
			attributes = {
				BuildIndependentTargetsInParallel = 1;
				LastSwiftUpdateCheck = 1620;
				LastUpgradeCheck = 1620;
				TargetAttributes = {
					F3C2E8BD2D31C6A900B2CE93 = {
						CreatedOnToolsVersion = 16.2;
					};
					F3C2E8CD2D31C6AB00B2CE93 = {
						CreatedOnToolsVersion = 16.2;
						TestTargetID = F3C2E8BD2D31C6A900B2CE93;
					};
					F3C2E8D72D31C6AB00B2CE93 = {
						CreatedOnToolsVersion = 16.2;
						TestTargetID = F3C2E8BD2D31C6A900B2CE93;
					};
				};
			};
			buildConfigurationList = F3C2E8B92D31C6A900B2CE93 /* Build configuration list for PBXProject "Eatinerary" */;
			developmentRegion = en;
			hasScannedForEncodings = 0;
			knownRegions = (
				en,
				Base,
			);
			mainGroup = F3C2E8B52D31C6A900B2CE93;
			minimizedProjectReferenceProxies = 1;
			preferredProjectObjectVersion = 77;
			productRefGroup = F3C2E8BF2D31C6A900B2CE93 /* Products */;
			projectDirPath = "";
			projectRoot = "";
			targets = (
				F3C2E8BD2D31C6A900B2CE93 /* Eatinerary */,
				F3C2E8CD2D31C6AB00B2CE93 /* EatineraryTests */,
				F3C2E8D72D31C6AB00B2CE93 /* EatineraryUITests */,
			);
		};
/* End PBXProject section */

/* Begin PBXResourcesBuildPhase section */
		F3C2E8BC2D31C6A900B2CE93 /* Resources */ = {
			isa = PBXResourcesBuildPhase;
			buildActionMask = 2147483647;
			files = (
			);
			runOnlyForDeploymentPostprocessing = 0;
		};
		F3C2E8CC2D31C6AB00B2CE93 /* Resources */ = {
			isa = PBXResourcesBuildPhase;
			buildActionMask = 2147483647;
			files = (
			);
			runOnlyForDeploymentPostprocessing = 0;
		};
		F3C2E8D62D31C6AB00B2CE93 /* Resources */ = {
			isa = PBXResourcesBuildPhase;
			buildActionMask = 2147483647;
			files = (
			);
			runOnlyForDeploymentPostprocessing = 0;
		};
/* End PBXResourcesBuildPhase section */

/* Begin PBXSourcesBuildPhase section */
		F3C2E8BA2D31C6A900B2CE93 /* Sources */ = {
			isa = PBXSourcesBuildPhase;
			buildActionMask = 2147483647;
			files = (
			);
			runOnlyForDeploymentPostprocessing = 0;
		};
		F3C2E8CA2D31C6AB00B2CE93 /* Sources */ = {
			isa = PBXSourcesBuildPhase;
			buildActionMask = 2147483647;
			files = (
			);
			runOnlyForDeploymentPostprocessing = 0;
		};
		F3C2E8D42D31C6AB00B2CE93 /* Sources */ = {
			isa = PBXSourcesBuildPhase;
			buildActionMask = 2147483647;
			files = (
			);
			runOnlyForDeploymentPostprocessing = 0;
		};
/* End PBXSourcesBuildPhase section */

/* Begin PBXTargetDependency section */
		F3C2E8D02D31C6AB00B2CE93 /* PBXTargetDependency */ = {
			isa = PBXTargetDependency;
			target = F3C2E8BD2D31C6A900B2CE93 /* Eatinerary */;
			targetProxy = F3C2E8CF2D31C6AB00B2CE93 /* PBXContainerItemProxy */;
		};
		F3C2E8DA2D31C6AB00B2CE93 /* PBXTargetDependency */ = {
			isa = PBXTargetDependency;
			target = F3C2E8BD2D31C6A900B2CE93 /* Eatinerary */;
			targetProxy = F3C2E8D92D31C6AB00B2CE93 /* PBXContainerItemProxy */;
		};
/* End PBXTargetDependency section */

/* Begin XCBuildConfiguration section */
		F3C2E8E02D31C6AB00B2CE93 /* Debug */ = {
			isa = XCBuildConfiguration;
			buildSettings = {
				ALWAYS_SEARCH_USER_PATHS = NO;
				ASSETCATALOG_COMPILER_GENERATE_SWIFT_ASSET_SYMBOL_EXTENSIONS = YES;
				CLANG_ANALYZER_NONNULL = YES;
				CLANG_ANALYZER_NUMBER_OBJECT_CONVERSION = YES_AGGRESSIVE;
				CLANG_CXX_LANGUAGE_STANDARD = "gnu++20";
				CLANG_ENABLE_MODULES = YES;
				CLANG_ENABLE_OBJC_ARC = YES;
				CLANG_ENABLE_OBJC_WEAK = YES;
				CLANG_WARN_BLOCK_CAPTURE_AUTORELEASING = YES;
				CLANG_WARN_BOOL_CONVERSION = YES;
				CLANG_WARN_COMMA = YES;
				CLANG_WARN_CONSTANT_CONVERSION = YES;
				CLANG_WARN_DEPRECATED_OBJC_IMPLEMENTATIONS = YES;
				CLANG_WARN_DIRECT_OBJC_ISA_USAGE = YES_ERROR;
				CLANG_WARN_DOCUMENTATION_COMMENTS = YES;
				CLANG_WARN_EMPTY_BODY = YES;
				CLANG_WARN_ENUM_CONVERSION = YES;
				CLANG_WARN_INFINITE_RECURSION = YES;
				CLANG_WARN_INT_CONVERSION = YES;
				CLANG_WARN_NON_LITERAL_NULL_CONVERSION = YES;
				CLANG_WARN_OBJC_IMPLICIT_RETAIN_SELF = YES;
				CLANG_WARN_OBJC_LITERAL_CONVERSION = YES;
				CLANG_WARN_OBJC_ROOT_CLASS = YES_ERROR;
				CLANG_WARN_QUOTED_INCLUDE_IN_FRAMEWORK_HEADER = YES;
				CLANG_WARN_RANGE_LOOP_ANALYSIS = YES;
				CLANG_WARN_STRICT_PROTOTYPES = YES;
				CLANG_WARN_SUSPICIOUS_MOVE = YES;
				CLANG_WARN_UNGUARDED_AVAILABILITY = YES_AGGRESSIVE;
				CLANG_WARN_UNREACHABLE_CODE = YES;
				CLANG_WARN__DUPLICATE_METHOD_MATCH = YES;
				COPY_PHASE_STRIP = NO;
				DEBUG_INFORMATION_FORMAT = dwarf;
				ENABLE_STRICT_OBJC_MSGSEND = YES;
				ENABLE_TESTABILITY = YES;
				ENABLE_USER_SCRIPT_SANDBOXING = YES;
				GCC_C_LANGUAGE_STANDARD = gnu17;
				GCC_DYNAMIC_NO_PIC = NO;
				GCC_NO_COMMON_BLOCKS = YES;
				GCC_OPTIMIZATION_LEVEL = 0;
				GCC_PREPROCESSOR_DEFINITIONS = (
					"DEBUG=1",
					"$(inherited)",
				);
				GCC_WARN_64_TO_32_BIT_CONVERSION = YES;
				GCC_WARN_ABOUT_RETURN_TYPE = YES_ERROR;
				GCC_WARN_UNDECLARED_SELECTOR = YES;
				GCC_WARN_UNINITIALIZED_AUTOS = YES_AGGRESSIVE;
				GCC_WARN_UNUSED_FUNCTION = YES;
				GCC_WARN_UNUSED_VARIABLE = YES;
				IPHONEOS_DEPLOYMENT_TARGET = 18.2;
				LOCALIZATION_PREFERS_STRING_CATALOGS = YES;
				MTL_ENABLE_DEBUG_INFO = INCLUDE_SOURCE;
				MTL_FAST_MATH = YES;
				ONLY_ACTIVE_ARCH = YES;
				SDKROOT = iphoneos;
				SWIFT_ACTIVE_COMPILATION_CONDITIONS = "DEBUG $(inherited)";
				SWIFT_OPTIMIZATION_LEVEL = "-Onone";
			};
			name = Debug;
		};
		F3C2E8E12D31C6AB00B2CE93 /* Release */ = {
			isa = XCBuildConfiguration;
			buildSettings = {
				ALWAYS_SEARCH_USER_PATHS = NO;
				ASSETCATALOG_COMPILER_GENERATE_SWIFT_ASSET_SYMBOL_EXTENSIONS = YES;
				CLANG_ANALYZER_NONNULL = YES;
				CLANG_ANALYZER_NUMBER_OBJECT_CONVERSION = YES_AGGRESSIVE;
				CLANG_CXX_LANGUAGE_STANDARD = "gnu++20";
				CLANG_ENABLE_MODULES = YES;
				CLANG_ENABLE_OBJC_ARC = YES;
				CLANG_ENABLE_OBJC_WEAK = YES;
				CLANG_WARN_BLOCK_CAPTURE_AUTORELEASING = YES;
				CLANG_WARN_BOOL_CONVERSION = YES;
				CLANG_WARN_COMMA = YES;
				CLANG_WARN_CONSTANT_CONVERSION = YES;
				CLANG_WARN_DEPRECATED_OBJC_IMPLEMENTATIONS = YES;
				CLANG_WARN_DIRECT_OBJC_ISA_USAGE = YES_ERROR;
				CLANG_WARN_DOCUMENTATION_COMMENTS = YES;
				CLANG_WARN_EMPTY_BODY = YES;
				CLANG_WARN_ENUM_CONVERSION = YES;
				CLANG_WARN_INFINITE_RECURSION = YES;
				CLANG_WARN_INT_CONVERSION = YES;
				CLANG_WARN_NON_LITERAL_NULL_CONVERSION = YES;
				CLANG_WARN_OBJC_IMPLICIT_RETAIN_SELF = YES;
				CLANG_WARN_OBJC_LITERAL_CONVERSION = YES;
				CLANG_WARN_OBJC_ROOT_CLASS = YES_ERROR;
				CLANG_WARN_QUOTED_INCLUDE_IN_FRAMEWORK_HEADER = YES;
				CLANG_WARN_RANGE_LOOP_ANALYSIS = YES;
				CLANG_WARN_STRICT_PROTOTYPES = YES;
				CLANG_WARN_SUSPICIOUS_MOVE = YES;
				CLANG_WARN_UNGUARDED_AVAILABILITY = YES_AGGRESSIVE;
				CLANG_WARN_UNREACHABLE_CODE = YES;
				CLANG_WARN__DUPLICATE_METHOD_MATCH = YES;
				COPY_PHASE_STRIP = NO;
				DEBUG_INFORMATION_FORMAT = "dwarf-with-dsym";
				ENABLE_NS_ASSERTIONS = NO;
				ENABLE_STRICT_OBJC_MSGSEND = YES;
				ENABLE_USER_SCRIPT_SANDBOXING = YES;
				GCC_C_LANGUAGE_STANDARD = gnu17;
				GCC_NO_COMMON_BLOCKS = YES;
				GCC_WARN_64_TO_32_BIT_CONVERSION = YES;
				GCC_WARN_ABOUT_RETURN_TYPE = YES_ERROR;
				GCC_WARN_UNDECLARED_SELECTOR = YES;
				GCC_WARN_UNINITIALIZED_AUTOS = YES_AGGRESSIVE;
				GCC_WARN_UNUSED_FUNCTION = YES;
				GCC_WARN_UNUSED_VARIABLE = YES;
				IPHONEOS_DEPLOYMENT_TARGET = 18.2;
				LOCALIZATION_PREFERS_STRING_CATALOGS = YES;
				MTL_ENABLE_DEBUG_INFO = NO;
				MTL_FAST_MATH = YES;
				SDKROOT = iphoneos;
				SWIFT_COMPILATION_MODE = wholemodule;
				VALIDATE_PRODUCT = YES;
			};
			name = Release;
		};
		F3C2E8E32D31C6AB00B2CE93 /* Debug */ = {
			isa = XCBuildConfiguration;
			buildSettings = {
				ASSETCATALOG_COMPILER_APPICON_NAME = AppIcon;
				ASSETCATALOG_COMPILER_GLOBAL_ACCENT_COLOR_NAME = AccentColor;
				CODE_SIGN_STYLE = Automatic;
				CURRENT_PROJECT_VERSION = 1;
				DEVELOPMENT_ASSET_PATHS = "\"Eatinerary/Preview Content\"";
				DEVELOPMENT_TEAM = P6M7J359RJ;
				ENABLE_PREVIEWS = YES;
				GENERATE_INFOPLIST_FILE = YES;
				INFOPLIST_KEY_UIApplicationSceneManifest_Generation = YES;
				INFOPLIST_KEY_UIApplicationSupportsIndirectInputEvents = YES;
				INFOPLIST_KEY_UILaunchScreen_Generation = YES;
				INFOPLIST_KEY_UISupportedInterfaceOrientations_iPad = "UIInterfaceOrientationPortrait UIInterfaceOrientationPortraitUpsideDown UIInterfaceOrientationLandscapeLeft UIInterfaceOrientationLandscapeRight";
				INFOPLIST_KEY_UISupportedInterfaceOrientations_iPhone = "UIInterfaceOrientationPortrait UIInterfaceOrientationLandscapeLeft UIInterfaceOrientationLandscapeRight";
				LD_RUNPATH_SEARCH_PATHS = (
					"$(inherited)",
					"@executable_path/Frameworks",
				);
				MARKETING_VERSION = 1.0;
				PRODUCT_BUNDLE_IDENTIFIER = com.example.DavidPittman.Eatinerary;
				PRODUCT_NAME = "$(TARGET_NAME)";
				SWIFT_EMIT_LOC_STRINGS = YES;
				SWIFT_VERSION = 5.0;
				TARGETED_DEVICE_FAMILY = "1,2";
			};
			name = Debug;
		};
		F3C2E8E42D31C6AB00B2CE93 /* Release */ = {
			isa = XCBuildConfiguration;
			buildSettings = {
				ASSETCATALOG_COMPILER_APPICON_NAME = AppIcon;
				ASSETCATALOG_COMPILER_GLOBAL_ACCENT_COLOR_NAME = AccentColor;
				CODE_SIGN_STYLE = Automatic;
				CURRENT_PROJECT_VERSION = 1;
				DEVELOPMENT_ASSET_PATHS = "\"Eatinerary/Preview Content\"";
				DEVELOPMENT_TEAM = P6M7J359RJ;
				ENABLE_PREVIEWS = YES;
				GENERATE_INFOPLIST_FILE = YES;
				INFOPLIST_KEY_UIApplicationSceneManifest_Generation = YES;
				INFOPLIST_KEY_UIApplicationSupportsIndirectInputEvents = YES;
				INFOPLIST_KEY_UILaunchScreen_Generation = YES;
				INFOPLIST_KEY_UISupportedInterfaceOrientations_iPad = "UIInterfaceOrientationPortrait UIInterfaceOrientationPortraitUpsideDown UIInterfaceOrientationLandscapeLeft UIInterfaceOrientationLandscapeRight";
				INFOPLIST_KEY_UISupportedInterfaceOrientations_iPhone = "UIInterfaceOrientationPortrait UIInterfaceOrientationLandscapeLeft UIInterfaceOrientationLandscapeRight";
				LD_RUNPATH_SEARCH_PATHS = (
					"$(inherited)",
					"@executable_path/Frameworks",
				);
				MARKETING_VERSION = 1.0;
				PRODUCT_BUNDLE_IDENTIFIER = com.example.DavidPittman.Eatinerary;
				PRODUCT_NAME = "$(TARGET_NAME)";
				SWIFT_EMIT_LOC_STRINGS = YES;
				SWIFT_VERSION = 5.0;
				TARGETED_DEVICE_FAMILY = "1,2";
			};
			name = Release;
		};
		F3C2E8E62D31C6AB00B2CE93 /* Debug */ = {
			isa = XCBuildConfiguration;
			buildSettings = {
				BUNDLE_LOADER = "$(TEST_HOST)";
				CODE_SIGN_STYLE = Automatic;
				CURRENT_PROJECT_VERSION = 1;
				DEVELOPMENT_TEAM = P6M7J359RJ;
				GENERATE_INFOPLIST_FILE = YES;
				IPHONEOS_DEPLOYMENT_TARGET = 18.2;
				MARKETING_VERSION = 1.0;
				PRODUCT_BUNDLE_IDENTIFIER = com.example.DavidPittman.EatineraryTests;
				PRODUCT_NAME = "$(TARGET_NAME)";
				SWIFT_EMIT_LOC_STRINGS = NO;
				SWIFT_VERSION = 5.0;
				TARGETED_DEVICE_FAMILY = "1,2";
				TEST_HOST = "$(BUILT_PRODUCTS_DIR)/Eatinerary.app/$(BUNDLE_EXECUTABLE_FOLDER_PATH)/Eatinerary";
			};
			name = Debug;
		};
		F3C2E8E72D31C6AB00B2CE93 /* Release */ = {
			isa = XCBuildConfiguration;
			buildSettings = {
				BUNDLE_LOADER = "$(TEST_HOST)";
				CODE_SIGN_STYLE = Automatic;
				CURRENT_PROJECT_VERSION = 1;
				DEVELOPMENT_TEAM = P6M7J359RJ;
				GENERATE_INFOPLIST_FILE = YES;
				IPHONEOS_DEPLOYMENT_TARGET = 18.2;
				MARKETING_VERSION = 1.0;
				PRODUCT_BUNDLE_IDENTIFIER = com.example.DavidPittman.EatineraryTests;
				PRODUCT_NAME = "$(TARGET_NAME)";
				SWIFT_EMIT_LOC_STRINGS = NO;
				SWIFT_VERSION = 5.0;
				TARGETED_DEVICE_FAMILY = "1,2";
				TEST_HOST = "$(BUILT_PRODUCTS_DIR)/Eatinerary.app/$(BUNDLE_EXECUTABLE_FOLDER_PATH)/Eatinerary";
			};
			name = Release;
		};
		F3C2E8E92D31C6AB00B2CE93 /* Debug */ = {
			isa = XCBuildConfiguration;
			buildSettings = {
				CODE_SIGN_STYLE = Automatic;
				CURRENT_PROJECT_VERSION = 1;
				DEVELOPMENT_TEAM = P6M7J359RJ;
				GENERATE_INFOPLIST_FILE = YES;
				MARKETING_VERSION = 1.0;
				PRODUCT_BUNDLE_IDENTIFIER = com.example.DavidPittman.EatineraryUITests;
				PRODUCT_NAME = "$(TARGET_NAME)";
				SWIFT_EMIT_LOC_STRINGS = NO;
				SWIFT_VERSION = 5.0;
				TARGETED_DEVICE_FAMILY = "1,2";
				TEST_TARGET_NAME = Eatinerary;
			};
			name = Debug;
		};
		F3C2E8EA2D31C6AB00B2CE93 /* Release */ = {
			isa = XCBuildConfiguration;
			buildSettings = {
				CODE_SIGN_STYLE = Automatic;
				CURRENT_PROJECT_VERSION = 1;
				DEVELOPMENT_TEAM = P6M7J359RJ;
				GENERATE_INFOPLIST_FILE = YES;
				MARKETING_VERSION = 1.0;
				PRODUCT_BUNDLE_IDENTIFIER = com.example.DavidPittman.EatineraryUITests;
				PRODUCT_NAME = "$(TARGET_NAME)";
				SWIFT_EMIT_LOC_STRINGS = NO;
				SWIFT_VERSION = 5.0;
				TARGETED_DEVICE_FAMILY = "1,2";
				TEST_TARGET_NAME = Eatinerary;
			};
			name = Release;
		};
/* End XCBuildConfiguration section */

/* Begin XCConfigurationList section */
		F3C2E8B92D31C6A900B2CE93 /* Build configuration list for PBXProject "Eatinerary" */ = {
			isa = XCConfigurationList;
			buildConfigurations = (
				F3C2E8E02D31C6AB00B2CE93 /* Debug */,
				F3C2E8E12D31C6AB00B2CE93 /* Release */,
			);
			defaultConfigurationIsVisible = 0;
			defaultConfigurationName = Release;
		};
		F3C2E8E22D31C6AB00B2CE93 /* Build configuration list for PBXNativeTarget "Eatinerary" */ = {
			isa = XCConfigurationList;
			buildConfigurations = (
				F3C2E8E32D31C6AB00B2CE93 /* Debug */,
				F3C2E8E42D31C6AB00B2CE93 /* Release */,
			);
			defaultConfigurationIsVisible = 0;
			defaultConfigurationName = Release;
		};
		F3C2E8E52D31C6AB00B2CE93 /* Build configuration list for PBXNativeTarget "EatineraryTests" */ = {
			isa = XCConfigurationList;
			buildConfigurations = (
				F3C2E8E62D31C6AB00B2CE93 /* Debug */,
				F3C2E8E72D31C6AB00B2CE93 /* Release */,
			);
			defaultConfigurationIsVisible = 0;
			defaultConfigurationName = Release;
		};
		F3C2E8E82D31C6AB00B2CE93 /* Build configuration list for PBXNativeTarget "EatineraryUITests" */ = {
			isa = XCConfigurationList;
			buildConfigurations = (
				F3C2E8E92D31C6AB00B2CE93 /* Debug */,
				F3C2E8EA2D31C6AB00B2CE93 /* Release */,
			);
			defaultConfigurationIsVisible = 0;
			defaultConfigurationName = Release;
		};
/* End XCConfigurationList section */
	};
	rootObject = F3C2E8B62D31C6A900B2CE93 /* Project object */;
}
